// !$*UTF8*$!
{
	archiveVersion = 1;
	classes = {
	};
	objectVersion = 46;
	objects = {

/* Begin PBXBuildFile section */
		DF3380621C1D10DA00AD95B3 /* testdata.json in CopyFiles */ = {isa = PBXBuildFile; fileRef = DF534C071C1CFF5E005450B4 /* testdata.json */; };
		DF3380661C30F0E800AD95B3 /* query.cpp in Sources */ = {isa = PBXBuildFile; fileRef = DF3380641C30F0E800AD95B3 /* query.cpp */; };
		DF33806E1C46F4E600AD95B3 /* main.cpp in Sources */ = {isa = PBXBuildFile; fileRef = DF33806D1C46F4E600AD95B3 /* main.cpp */; };
		DF3380731C4F405800AD95B3 /* index.cpp in Sources */ = {isa = PBXBuildFile; fileRef = DF788A321C1A7AE0002CEF85 /* index.cpp */; };
		DF3380741C4F405800AD95B3 /* query.cpp in Sources */ = {isa = PBXBuildFile; fileRef = DF3380641C30F0E800AD95B3 /* query.cpp */; };
		DF3380761C4F405800AD95B3 /* json_shred.cpp in Sources */ = {isa = PBXBuildFile; fileRef = DF788A411C1AC5BA002CEF85 /* json_shred.cpp */; };
		DF3380781C4F405800AD95B3 /* records.proto in Sources */ = {isa = PBXBuildFile; fileRef = DF788A351C1A9309002CEF85 /* records.proto */; };
		DF3380791C4F405800AD95B3 /* porter.c in Sources */ = {isa = PBXBuildFile; fileRef = DF788A441C1ACE7A002CEF85 /* porter.c */; };
		DF33807C1C4F441B00AD95B3 /* testqueries.txt in Copy Files */ = {isa = PBXBuildFile; fileRef = DF3380631C30DF4200AD95B3 /* testqueries.txt */; };
		DF788A2B1C1A48A4002CEF85 /* main.cpp in Sources */ = {isa = PBXBuildFile; fileRef = DF788A2A1C1A48A4002CEF85 /* main.cpp */; };
		DF788A391C1A9E58002CEF85 /* index.cpp in Sources */ = {isa = PBXBuildFile; fileRef = DF788A321C1A7AE0002CEF85 /* index.cpp */; };
		DF788A401C1AAA7F002CEF85 /* records.proto in Sources */ = {isa = PBXBuildFile; fileRef = DF788A351C1A9309002CEF85 /* records.proto */; };
		DF788A431C1AC5BA002CEF85 /* json_shred.cpp in Sources */ = {isa = PBXBuildFile; fileRef = DF788A411C1AC5BA002CEF85 /* json_shred.cpp */; };
		DF788A451C1ACE7A002CEF85 /* porter.c in Sources */ = {isa = PBXBuildFile; fileRef = DF788A441C1ACE7A002CEF85 /* porter.c */; };
		DFE82D411C65C6A000B5E17E /* results.cpp in Sources */ = {isa = PBXBuildFile; fileRef = DFE82D3F1C65C6A000B5E17E /* results.cpp */; };
		DFE82D451C65E9C300B5E17E /* readme.md in Sources */ = {isa = PBXBuildFile; fileRef = DFE82D441C65E9C300B5E17E /* readme.md */; };
/* End PBXBuildFile section */

/* Begin PBXBuildRule section */
		DF33807A1C4F40CC00AD95B3 /* PBXBuildRule */ = {
			isa = PBXBuildRule;
			compilerSpec = com.apple.compilers.proxy.script;
			filePatterns = "*.proto";
			fileType = pattern.proxy;
			isEditable = 1;
			outputFiles = (
				"$(INPUT_FILE_DIR)/$(INPUT_FILE_BASE).pb.cc",
				"$(INPUT_FILE_DIR)/$(INPUT_FILE_BASE).pb.h",
			);
			script = "cd ${INPUT_FILE_DIR}\nprotoc --proto_path=${INPUT_FILE_DIR} ${INPUT_FILE_PATH} --cpp_out=${INPUT_FILE_DIR}";
		};
		DF788A361C1A950C002CEF85 /* PBXBuildRule */ = {
			isa = PBXBuildRule;
			compilerSpec = com.apple.compilers.proxy.script;
			filePatterns = "*.proto";
			fileType = pattern.proxy;
			isEditable = 1;
			outputFiles = (
				"$(INPUT_FILE_DIR)/$(INPUT_FILE_BASE).pb.h",
				"$(INPUT_FILE_DIR)/$(INPUT_FILE_BASE).pb.cc",
			);
			script = "cd ${INPUT_FILE_DIR}\nprotoc --proto_path=${INPUT_FILE_DIR} ${INPUT_FILE_PATH} --cpp_out=${INPUT_FILE_DIR}";
		};
/* End PBXBuildRule section */

/* Begin PBXCopyFilesBuildPhase section */
		DF3380611C1D10CD00AD95B3 /* CopyFiles */ = {
			isa = PBXCopyFilesBuildPhase;
			buildActionMask = 2147483647;
			dstPath = "";
			dstSubfolderSpec = 6;
			files = (
				DF3380621C1D10DA00AD95B3 /* testdata.json in CopyFiles */,
			);
			runOnlyForDeploymentPostprocessing = 0;
		};
		DF3380691C46F4E600AD95B3 /* Copy Files */ = {
			isa = PBXCopyFilesBuildPhase;
			buildActionMask = 12;
			dstPath = "";
			dstSubfolderSpec = 6;
			files = (
				DF33807C1C4F441B00AD95B3 /* testqueries.txt in Copy Files */,
			);
			name = "Copy Files";
			runOnlyForDeploymentPostprocessing = 0;
		};
/* End PBXCopyFilesBuildPhase section */

/* Begin PBXFileReference section */
		DF3380631C30DF4200AD95B3 /* testqueries.txt */ = {isa = PBXFileReference; fileEncoding = 4; lastKnownFileType = text; path = testqueries.txt; sourceTree = "<group>"; };
		DF3380641C30F0E800AD95B3 /* query.cpp */ = {isa = PBXFileReference; fileEncoding = 4; lastKnownFileType = sourcecode.cpp.cpp; path = query.cpp; sourceTree = "<group>"; };
		DF3380651C30F0E800AD95B3 /* query.hpp */ = {isa = PBXFileReference; fileEncoding = 4; lastKnownFileType = sourcecode.cpp.h; path = query.hpp; sourceTree = "<group>"; };
		DF33806B1C46F4E600AD95B3 /* test */ = {isa = PBXFileReference; explicitFileType = "compiled.mach-o.executable"; includeInIndex = 0; path = test; sourceTree = BUILT_PRODUCTS_DIR; };
		DF33806D1C46F4E600AD95B3 /* main.cpp */ = {isa = PBXFileReference; lastKnownFileType = sourcecode.cpp.cpp; path = main.cpp; sourceTree = "<group>"; };
		DF534C071C1CFF5E005450B4 /* testdata.json */ = {isa = PBXFileReference; fileEncoding = 4; lastKnownFileType = text.json; path = testdata.json; sourceTree = "<group>"; };
		DF788A271C1A48A4002CEF85 /* noise */ = {isa = PBXFileReference; explicitFileType = "compiled.mach-o.executable"; includeInIndex = 0; path = noise; sourceTree = BUILT_PRODUCTS_DIR; };
		DF788A2A1C1A48A4002CEF85 /* main.cpp */ = {isa = PBXFileReference; lastKnownFileType = sourcecode.cpp.cpp; path = main.cpp; sourceTree = "<group>"; };
		DF788A311C1A75C5002CEF85 /* noise.h */ = {isa = PBXFileReference; lastKnownFileType = sourcecode.c.h; path = noise.h; sourceTree = "<group>"; };
		DF788A321C1A7AE0002CEF85 /* index.cpp */ = {isa = PBXFileReference; fileEncoding = 4; lastKnownFileType = sourcecode.cpp.cpp; path = index.cpp; sourceTree = "<group>"; };
		DF788A351C1A9309002CEF85 /* records.proto */ = {isa = PBXFileReference; explicitFileType = sourcecode.c; fileEncoding = 4; path = records.proto; sourceTree = "<group>"; };
		DF788A411C1AC5BA002CEF85 /* json_shred.cpp */ = {isa = PBXFileReference; fileEncoding = 4; lastKnownFileType = sourcecode.cpp.cpp; path = json_shred.cpp; sourceTree = "<group>"; };
		DF788A421C1AC5BA002CEF85 /* json_shred.hpp */ = {isa = PBXFileReference; fileEncoding = 4; lastKnownFileType = sourcecode.cpp.h; path = json_shred.hpp; sourceTree = "<group>"; };
		DF788A441C1ACE7A002CEF85 /* porter.c */ = {isa = PBXFileReference; fileEncoding = 4; lastKnownFileType = sourcecode.c.c; path = porter.c; sourceTree = "<group>"; };
		DF788A461C1ACE81002CEF85 /* porter.h */ = {isa = PBXFileReference; lastKnownFileType = sourcecode.c.h; path = porter.h; sourceTree = "<group>"; };
		DFE82D3F1C65C6A000B5E17E /* results.cpp */ = {isa = PBXFileReference; fileEncoding = 4; lastKnownFileType = sourcecode.cpp.cpp; path = results.cpp; sourceTree = "<group>"; };
		DFE82D401C65C6A000B5E17E /* results.hpp */ = {isa = PBXFileReference; fileEncoding = 4; lastKnownFileType = sourcecode.cpp.h; path = results.hpp; sourceTree = "<group>"; };
		DFE82D441C65E9C300B5E17E /* readme.md */ = {isa = PBXFileReference; fileEncoding = 4; lastKnownFileType = net.daringfireball.markdown; path = readme.md; sourceTree = "<group>"; };
/* End PBXFileReference section */

/* Begin PBXFrameworksBuildPhase section */
		DF3380681C46F4E600AD95B3 /* Frameworks */ = {
			isa = PBXFrameworksBuildPhase;
			buildActionMask = 2147483647;
			files = (
			);
			runOnlyForDeploymentPostprocessing = 0;
		};
		DF788A241C1A48A4002CEF85 /* Frameworks */ = {
			isa = PBXFrameworksBuildPhase;
			buildActionMask = 2147483647;
			files = (
			);
			runOnlyForDeploymentPostprocessing = 0;
		};
/* End PBXFrameworksBuildPhase section */

/* Begin PBXGroup section */
		DF33806C1C46F4E600AD95B3 /* test */ = {
			isa = PBXGroup;
			children = (
				DF33806D1C46F4E600AD95B3 /* main.cpp */,
			);
			path = test;
			sourceTree = "<group>";
		};
		DF788A1E1C1A48A4002CEF85 = {
			isa = PBXGroup;
			children = (
				DFE82D441C65E9C300B5E17E /* readme.md */,
				DF788A291C1A48A4002CEF85 /* noise */,
				DF33806C1C46F4E600AD95B3 /* test */,
				DF788A281C1A48A4002CEF85 /* Products */,
			);
			sourceTree = "<group>";
		};
		DF788A281C1A48A4002CEF85 /* Products */ = {
			isa = PBXGroup;
			children = (
				DF788A271C1A48A4002CEF85 /* noise */,
				DF33806B1C46F4E600AD95B3 /* test */,
			);
			name = Products;
			sourceTree = "<group>";
		};
		DF788A291C1A48A4002CEF85 /* noise */ = {
			isa = PBXGroup;
			children = (
				DF788A2A1C1A48A4002CEF85 /* main.cpp */,
				DF788A311C1A75C5002CEF85 /* noise.h */,
				DF788A321C1A7AE0002CEF85 /* index.cpp */,
				DF3380631C30DF4200AD95B3 /* testqueries.txt */,
				DF3380641C30F0E800AD95B3 /* query.cpp */,
				DF3380651C30F0E800AD95B3 /* query.hpp */,
				DFE82D3F1C65C6A000B5E17E /* results.cpp */,
				DFE82D401C65C6A000B5E17E /* results.hpp */,
				DF788A411C1AC5BA002CEF85 /* json_shred.cpp */,
				DF788A421C1AC5BA002CEF85 /* json_shred.hpp */,
				DF788A351C1A9309002CEF85 /* records.proto */,
				DF788A441C1ACE7A002CEF85 /* porter.c */,
				DF788A461C1ACE81002CEF85 /* porter.h */,
				DF534C071C1CFF5E005450B4 /* testdata.json */,
			);
			path = noise;
			sourceTree = "<group>";
		};
/* End PBXGroup section */

/* Begin PBXNativeTarget section */
		DF33806A1C46F4E600AD95B3 /* test */ = {
			isa = PBXNativeTarget;
			buildConfigurationList = DF33806F1C46F4E600AD95B3 /* Build configuration list for PBXNativeTarget "test" */;
			buildPhases = (
				DF3380671C46F4E600AD95B3 /* Sources */,
				DF3380681C46F4E600AD95B3 /* Frameworks */,
				DF3380691C46F4E600AD95B3 /* Copy Files */,
			);
			buildRules = (
				DF33807A1C4F40CC00AD95B3 /* PBXBuildRule */,
			);
			dependencies = (
			);
			name = test;
			productName = test;
			productReference = DF33806B1C46F4E600AD95B3 /* test */;
			productType = "com.apple.product-type.tool";
		};
		DF788A261C1A48A4002CEF85 /* noise */ = {
			isa = PBXNativeTarget;
			buildConfigurationList = DF788A2E1C1A48A4002CEF85 /* Build configuration list for PBXNativeTarget "noise" */;
			buildPhases = (
				DF788A231C1A48A4002CEF85 /* Sources */,
				DF788A241C1A48A4002CEF85 /* Frameworks */,
				DF3380611C1D10CD00AD95B3 /* CopyFiles */,
			);
			buildRules = (
				DF788A361C1A950C002CEF85 /* PBXBuildRule */,
			);
			dependencies = (
			);
			name = noise;
			productName = noise;
			productReference = DF788A271C1A48A4002CEF85 /* noise */;
			productType = "com.apple.product-type.tool";
		};
/* End PBXNativeTarget section */

/* Begin PBXProject section */
		DF788A1F1C1A48A4002CEF85 /* Project object */ = {
			isa = PBXProject;
			attributes = {
				LastUpgradeCheck = 0710;
				ORGANIZATIONNAME = "Damien Katz";
				TargetAttributes = {
					DF33806A1C46F4E600AD95B3 = {
						CreatedOnToolsVersion = 7.1.1;
					};
					DF788A261C1A48A4002CEF85 = {
						CreatedOnToolsVersion = 7.1.1;
					};
				};
			};
			buildConfigurationList = DF788A221C1A48A4002CEF85 /* Build configuration list for PBXProject "noise" */;
			compatibilityVersion = "Xcode 3.2";
			developmentRegion = English;
			hasScannedForEncodings = 0;
			knownRegions = (
				en,
			);
			mainGroup = DF788A1E1C1A48A4002CEF85;
			productRefGroup = DF788A281C1A48A4002CEF85 /* Products */;
			projectDirPath = "";
			projectRoot = "";
			targets = (
				DF788A261C1A48A4002CEF85 /* noise */,
				DF33806A1C46F4E600AD95B3 /* test */,
			);
		};
/* End PBXProject section */

/* Begin PBXSourcesBuildPhase section */
		DF3380671C46F4E600AD95B3 /* Sources */ = {
			isa = PBXSourcesBuildPhase;
			buildActionMask = 2147483647;
			files = (
				DF3380731C4F405800AD95B3 /* index.cpp in Sources */,
				DF3380741C4F405800AD95B3 /* query.cpp in Sources */,
				DF3380761C4F405800AD95B3 /* json_shred.cpp in Sources */,
				DF3380781C4F405800AD95B3 /* records.proto in Sources */,
				DF3380791C4F405800AD95B3 /* porter.c in Sources */,
				DF33806E1C46F4E600AD95B3 /* main.cpp in Sources */,
			);
			runOnlyForDeploymentPostprocessing = 0;
		};
		DF788A231C1A48A4002CEF85 /* Sources */ = {
			isa = PBXSourcesBuildPhase;
			buildActionMask = 2147483647;
			files = (
				DF788A401C1AAA7F002CEF85 /* records.proto in Sources */,
				DFE82D451C65E9C300B5E17E /* readme.md in Sources */,
				DFE82D411C65C6A000B5E17E /* results.cpp in Sources */,
				DF788A2B1C1A48A4002CEF85 /* main.cpp in Sources */,
				DF3380661C30F0E800AD95B3 /* query.cpp in Sources */,
				DF788A431C1AC5BA002CEF85 /* json_shred.cpp in Sources */,
				DF788A451C1ACE7A002CEF85 /* porter.c in Sources */,
				DF788A391C1A9E58002CEF85 /* index.cpp in Sources */,
			);
			runOnlyForDeploymentPostprocessing = 0;
		};
/* End PBXSourcesBuildPhase section */

/* Begin XCBuildConfiguration section */
		DF3380701C46F4E600AD95B3 /* Debug */ = {
			isa = XCBuildConfiguration;
			buildSettings = {
				HEADER_SEARCH_PATHS = /usr/local/include;
				LIBRARY_SEARCH_PATHS = /usr/local/lib;
				OTHER_LDFLAGS = (
					"-lyajl",
					"-lprotobuf",
					"-lrocksdb",
				);
				PRODUCT_NAME = "$(TARGET_NAME)";
			};
			name = Debug;
		};
		DF3380711C46F4E600AD95B3 /* Release */ = {
			isa = XCBuildConfiguration;
			buildSettings = {
				HEADER_SEARCH_PATHS = /usr/local/include;
				LIBRARY_SEARCH_PATHS = /usr/local/lib;
				OTHER_LDFLAGS = (
					"-lyajl",
					"-lprotobuf",
					"-lrocksdb",
				);
				PRODUCT_NAME = "$(TARGET_NAME)";
			};
			name = Release;
		};
		DF788A2C1C1A48A4002CEF85 /* Debug */ = {
			isa = XCBuildConfiguration;
			buildSettings = {
				ALWAYS_SEARCH_USER_PATHS = NO;
				CLANG_CXX_LANGUAGE_STANDARD = "gnu++0x";
				CLANG_CXX_LIBRARY = "libc++";
				CLANG_ENABLE_MODULES = YES;
				CLANG_ENABLE_OBJC_ARC = YES;
				CLANG_WARN_BOOL_CONVERSION = YES;
				CLANG_WARN_CONSTANT_CONVERSION = YES;
				CLANG_WARN_DIRECT_OBJC_ISA_USAGE = YES_ERROR;
				CLANG_WARN_EMPTY_BODY = YES;
				CLANG_WARN_ENUM_CONVERSION = YES;
				CLANG_WARN_INT_CONVERSION = YES;
				CLANG_WARN_OBJC_ROOT_CLASS = YES_ERROR;
				CLANG_WARN_UNREACHABLE_CODE = YES;
				CLANG_WARN__DUPLICATE_METHOD_MATCH = YES;
				CODE_SIGN_IDENTITY = "-";
				COPY_PHASE_STRIP = NO;
				DEBUG_INFORMATION_FORMAT = dwarf;
				ENABLE_STRICT_OBJC_MSGSEND = YES;
				ENABLE_TESTABILITY = YES;
				GCC_C_LANGUAGE_STANDARD = gnu99;
				GCC_DYNAMIC_NO_PIC = NO;
				GCC_NO_COMMON_BLOCKS = YES;
				GCC_OPTIMIZATION_LEVEL = 0;
				GCC_PREPROCESSOR_DEFINITIONS = (
					"DEBUG=1",
					"$(inherited)",
				);
				GCC_WARN_64_TO_32_BIT_CONVERSION = YES;
				GCC_WARN_ABOUT_RETURN_TYPE = YES_ERROR;
				GCC_WARN_UNDECLARED_SELECTOR = YES;
				GCC_WARN_UNINITIALIZED_AUTOS = YES_AGGRESSIVE;
				GCC_WARN_UNUSED_FUNCTION = YES;
				GCC_WARN_UNUSED_VARIABLE = YES;
				MACOSX_DEPLOYMENT_TARGET = 10.11;
				MTL_ENABLE_DEBUG_INFO = YES;
				ONLY_ACTIVE_ARCH = YES;
				SDKROOT = macosx;
			};
			name = Debug;
		};
		DF788A2D1C1A48A4002CEF85 /* Release */ = {
			isa = XCBuildConfiguration;
			buildSettings = {
				ALWAYS_SEARCH_USER_PATHS = NO;
				CLANG_CXX_LANGUAGE_STANDARD = "gnu++0x";
				CLANG_CXX_LIBRARY = "libc++";
				CLANG_ENABLE_MODULES = YES;
				CLANG_ENABLE_OBJC_ARC = YES;
				CLANG_WARN_BOOL_CONVERSION = YES;
				CLANG_WARN_CONSTANT_CONVERSION = YES;
				CLANG_WARN_DIRECT_OBJC_ISA_USAGE = YES_ERROR;
				CLANG_WARN_EMPTY_BODY = YES;
				CLANG_WARN_ENUM_CONVERSION = YES;
				CLANG_WARN_INT_CONVERSION = YES;
				CLANG_WARN_OBJC_ROOT_CLASS = YES_ERROR;
				CLANG_WARN_UNREACHABLE_CODE = YES;
				CLANG_WARN__DUPLICATE_METHOD_MATCH = YES;
				CODE_SIGN_IDENTITY = "-";
				COPY_PHASE_STRIP = NO;
				DEBUG_INFORMATION_FORMAT = "dwarf-with-dsym";
				ENABLE_NS_ASSERTIONS = NO;
				ENABLE_STRICT_OBJC_MSGSEND = YES;
				GCC_C_LANGUAGE_STANDARD = gnu99;
				GCC_NO_COMMON_BLOCKS = YES;
				GCC_WARN_64_TO_32_BIT_CONVERSION = YES;
				GCC_WARN_ABOUT_RETURN_TYPE = YES_ERROR;
				GCC_WARN_UNDECLARED_SELECTOR = YES;
				GCC_WARN_UNINITIALIZED_AUTOS = YES_AGGRESSIVE;
				GCC_WARN_UNUSED_FUNCTION = YES;
				GCC_WARN_UNUSED_VARIABLE = YES;
				MACOSX_DEPLOYMENT_TARGET = 10.11;
				MTL_ENABLE_DEBUG_INFO = NO;
				SDKROOT = macosx;
			};
			name = Release;
		};
		DF788A2F1C1A48A4002CEF85 /* Debug */ = {
			isa = XCBuildConfiguration;
			buildSettings = {
				HEADER_SEARCH_PATHS = /usr/local/include;
				LIBRARY_SEARCH_PATHS = /usr/local/lib;
				OTHER_LDFLAGS = (
					"-lrocksdb",
					"-lprotobuf",
					"-lyajl",
				);
				PRODUCT_NAME = "$(TARGET_NAME)";
			};
			name = Debug;
		};
		DF788A301C1A48A4002CEF85 /* Release */ = {
			isa = XCBuildConfiguration;
			buildSettings = {
				HEADER_SEARCH_PATHS = /usr/local/include;
				LIBRARY_SEARCH_PATHS = /usr/local/lib;
				OTHER_LDFLAGS = (
					"-lrocksdb",
					"-lprotobuf",
					"-lyajl",
				);
				PRODUCT_NAME = "$(TARGET_NAME)";
			};
			name = Release;
		};
/* End XCBuildConfiguration section */

/* Begin XCConfigurationList section */
		DF33806F1C46F4E600AD95B3 /* Build configuration list for PBXNativeTarget "test" */ = {
			isa = XCConfigurationList;
			buildConfigurations = (
				DF3380701C46F4E600AD95B3 /* Debug */,
				DF3380711C46F4E600AD95B3 /* Release */,
			);
			defaultConfigurationIsVisible = 0;
			defaultConfigurationName = Release;
		};
		DF788A221C1A48A4002CEF85 /* Build configuration list for PBXProject "noise" */ = {
			isa = XCConfigurationList;
			buildConfigurations = (
				DF788A2C1C1A48A4002CEF85 /* Debug */,
				DF788A2D1C1A48A4002CEF85 /* Release */,
			);
			defaultConfigurationIsVisible = 0;
			defaultConfigurationName = Release;
		};
		DF788A2E1C1A48A4002CEF85 /* Build configuration list for PBXNativeTarget "noise" */ = {
			isa = XCConfigurationList;
			buildConfigurations = (
				DF788A2F1C1A48A4002CEF85 /* Debug */,
				DF788A301C1A48A4002CEF85 /* Release */,
			);
			defaultConfigurationIsVisible = 0;
			defaultConfigurationName = Release;
		};
/* End XCConfigurationList section */
	};
	rootObject = DF788A1F1C1A48A4002CEF85 /* Project object */;
}
