// !$*UTF8*$!
{
	archiveVersion = 1;
	classes = {
	};
	objectVersion = 46;
	objects = {

/* Begin PBXBuildFile section */
		DF788A2B1C1A48A4002CEF85 /* main.cpp in Sources */ = {isa = PBXBuildFile; fileRef = DF788A2A1C1A48A4002CEF85 /* main.cpp */; };
		DF788A331C1A7AE0002CEF85 /* updater.cpp in Sources */ = {isa = PBXBuildFile; fileRef = DF788A321C1A7AE0002CEF85 /* updater.cpp */; };
/* End PBXBuildFile section */

/* Begin PBXCopyFilesBuildPhase section */
		DF788A251C1A48A4002CEF85 /* CopyFiles */ = {
			isa = PBXCopyFilesBuildPhase;
			buildActionMask = 2147483647;
			dstPath = /usr/share/man/man1/;
			dstSubfolderSpec = 0;
			files = (
			);
			runOnlyForDeploymentPostprocessing = 1;
		};
/* End PBXCopyFilesBuildPhase section */

/* Begin PBXFileReference section */
		DF788A271C1A48A4002CEF85 /* noise */ = {isa = PBXFileReference; explicitFileType = "compiled.mach-o.executable"; includeInIndex = 0; path = noise; sourceTree = BUILT_PRODUCTS_DIR; };
		DF788A2A1C1A48A4002CEF85 /* main.cpp */ = {isa = PBXFileReference; lastKnownFileType = sourcecode.cpp.cpp; path = main.cpp; sourceTree = "<group>"; };
		DF788A311C1A75C5002CEF85 /* noise.h */ = {isa = PBXFileReference; lastKnownFileType = sourcecode.c.h; path = noise.h; sourceTree = "<group>"; };
		DF788A321C1A7AE0002CEF85 /* updater.cpp */ = {isa = PBXFileReference; fileEncoding = 4; lastKnownFileType = sourcecode.cpp.cpp; path = updater.cpp; sourceTree = "<group>"; };
/* End PBXFileReference section */

/* Begin PBXFrameworksBuildPhase section */
		DF788A241C1A48A4002CEF85 /* Frameworks */ = {
			isa = PBXFrameworksBuildPhase;
			buildActionMask = 2147483647;
			files = (
			);
			runOnlyForDeploymentPostprocessing = 0;
		};
/* End PBXFrameworksBuildPhase section */

/* Begin PBXGroup section */
		DF788A1E1C1A48A4002CEF85 = {
			isa = PBXGroup;
			children = (
				DF788A291C1A48A4002CEF85 /* noise */,
				DF788A281C1A48A4002CEF85 /* Products */,
			);
			sourceTree = "<group>";
		};
		DF788A281C1A48A4002CEF85 /* Products */ = {
			isa = PBXGroup;
			children = (
				DF788A271C1A48A4002CEF85 /* noise */,
			);
			name = Products;
			sourceTree = "<group>";
		};
		DF788A291C1A48A4002CEF85 /* noise */ = {
			isa = PBXGroup;
			children = (
				DF788A2A1C1A48A4002CEF85 /* main.cpp */,
				DF788A311C1A75C5002CEF85 /* noise.h */,
				DF788A321C1A7AE0002CEF85 /* updater.cpp */,
			);
			path = noise;
			sourceTree = "<group>";
		};
/* End PBXGroup section */

/* Begin PBXNativeTarget section */
		DF788A261C1A48A4002CEF85 /* noise */ = {
			isa = PBXNativeTarget;
			buildConfigurationList = DF788A2E1C1A48A4002CEF85 /* Build configuration list for PBXNativeTarget "noise" */;
			buildPhases = (
				DF788A231C1A48A4002CEF85 /* Sources */,
				DF788A241C1A48A4002CEF85 /* Frameworks */,
				DF788A251C1A48A4002CEF85 /* CopyFiles */,
			);
			buildRules = (
			);
			dependencies = (
			);
			name = noise;
			productName = noise;
			productReference = DF788A271C1A48A4002CEF85 /* noise */;
			productType = "com.apple.product-type.tool";
		};
/* End PBXNativeTarget section */

/* Begin PBXProject section */
		DF788A1F1C1A48A4002CEF85 /* Project object */ = {
			isa = PBXProject;
			attributes = {
				LastUpgradeCheck = 0710;
				ORGANIZATIONNAME = "Damien Katz";
				TargetAttributes = {
					DF788A261C1A48A4002CEF85 = {
						CreatedOnToolsVersion = 7.1.1;
					};
				};
			};
			buildConfigurationList = DF788A221C1A48A4002CEF85 /* Build configuration list for PBXProject "noise" */;
			compatibilityVersion = "Xcode 3.2";
			developmentRegion = English;
			hasScannedForEncodings = 0;
			knownRegions = (
				en,
			);
			mainGroup = DF788A1E1C1A48A4002CEF85;
			productRefGroup = DF788A281C1A48A4002CEF85 /* Products */;
			projectDirPath = "";
			projectRoot = "";
			targets = (
				DF788A261C1A48A4002CEF85 /* noise */,
			);
		};
/* End PBXProject section */

/* Begin PBXSourcesBuildPhase section */
		DF788A231C1A48A4002CEF85 /* Sources */ = {
			isa = PBXSourcesBuildPhase;
			buildActionMask = 2147483647;
			files = (
				DF788A2B1C1A48A4002CEF85 /* main.cpp in Sources */,
				DF788A331C1A7AE0002CEF85 /* updater.cpp in Sources */,
			);
			runOnlyForDeploymentPostprocessing = 0;
		};
/* End PBXSourcesBuildPhase section */

/* Begin XCBuildConfiguration section */
		DF788A2C1C1A48A4002CEF85 /* Debug */ = {
			isa = XCBuildConfiguration;
			buildSettings = {
				ALWAYS_SEARCH_USER_PATHS = NO;
				CLANG_CXX_LANGUAGE_STANDARD = "gnu++0x";
				CLANG_CXX_LIBRARY = "libc++";
				CLANG_ENABLE_MODULES = YES;
				CLANG_ENABLE_OBJC_ARC = YES;
				CLANG_WARN_BOOL_CONVERSION = YES;
				CLANG_WARN_CONSTANT_CONVERSION = YES;
				CLANG_WARN_DIRECT_OBJC_ISA_USAGE = YES_ERROR;
				CLANG_WARN_EMPTY_BODY = YES;
				CLANG_WARN_ENUM_CONVERSION = YES;
				CLANG_WARN_INT_CONVERSION = YES;
				CLANG_WARN_OBJC_ROOT_CLASS = YES_ERROR;
				CLANG_WARN_UNREACHABLE_CODE = YES;
				CLANG_WARN__DUPLICATE_METHOD_MATCH = YES;
				CODE_SIGN_IDENTITY = "-";
				COPY_PHASE_STRIP = NO;
				DEBUG_INFORMATION_FORMAT = dwarf;
				ENABLE_STRICT_OBJC_MSGSEND = YES;
				ENABLE_TESTABILITY = YES;
				GCC_C_LANGUAGE_STANDARD = gnu99;
				GCC_DYNAMIC_NO_PIC = NO;
				GCC_NO_COMMON_BLOCKS = YES;
				GCC_OPTIMIZATION_LEVEL = 0;
				GCC_PREPROCESSOR_DEFINITIONS = (
					"DEBUG=1",
					"$(inherited)",
				);
				GCC_WARN_64_TO_32_BIT_CONVERSION = YES;
				GCC_WARN_ABOUT_RETURN_TYPE = YES_ERROR;
				GCC_WARN_UNDECLARED_SELECTOR = YES;
				GCC_WARN_UNINITIALIZED_AUTOS = YES_AGGRESSIVE;
				GCC_WARN_UNUSED_FUNCTION = YES;
				GCC_WARN_UNUSED_VARIABLE = YES;
				MACOSX_DEPLOYMENT_TARGET = 10.11;
				MTL_ENABLE_DEBUG_INFO = YES;
				ONLY_ACTIVE_ARCH = YES;
				SDKROOT = macosx;
			};
			name = Debug;
		};
		DF788A2D1C1A48A4002CEF85 /* Release */ = {
			isa = XCBuildConfiguration;
			buildSettings = {
				ALWAYS_SEARCH_USER_PATHS = NO;
				CLANG_CXX_LANGUAGE_STANDARD = "gnu++0x";
				CLANG_CXX_LIBRARY = "libc++";
				CLANG_ENABLE_MODULES = YES;
				CLANG_ENABLE_OBJC_ARC = YES;
				CLANG_WARN_BOOL_CONVERSION = YES;
				CLANG_WARN_CONSTANT_CONVERSION = YES;
				CLANG_WARN_DIRECT_OBJC_ISA_USAGE = YES_ERROR;
				CLANG_WARN_EMPTY_BODY = YES;
				CLANG_WARN_ENUM_CONVERSION = YES;
				CLANG_WARN_INT_CONVERSION = YES;
				CLANG_WARN_OBJC_ROOT_CLASS = YES_ERROR;
				CLANG_WARN_UNREACHABLE_CODE = YES;
				CLANG_WARN__DUPLICATE_METHOD_MATCH = YES;
				CODE_SIGN_IDENTITY = "-";
				COPY_PHASE_STRIP = NO;
				DEBUG_INFORMATION_FORMAT = "dwarf-with-dsym";
				ENABLE_NS_ASSERTIONS = NO;
				ENABLE_STRICT_OBJC_MSGSEND = YES;
				GCC_C_LANGUAGE_STANDARD = gnu99;
				GCC_NO_COMMON_BLOCKS = YES;
				GCC_WARN_64_TO_32_BIT_CONVERSION = YES;
				GCC_WARN_ABOUT_RETURN_TYPE = YES_ERROR;
				GCC_WARN_UNDECLARED_SELECTOR = YES;
				GCC_WARN_UNINITIALIZED_AUTOS = YES_AGGRESSIVE;
				GCC_WARN_UNUSED_FUNCTION = YES;
				GCC_WARN_UNUSED_VARIABLE = YES;
				MACOSX_DEPLOYMENT_TARGET = 10.11;
				MTL_ENABLE_DEBUG_INFO = NO;
				SDKROOT = macosx;
			};
			name = Release;
		};
		DF788A2F1C1A48A4002CEF85 /* Debug */ = {
			isa = XCBuildConfiguration;
			buildSettings = {
				HEADER_SEARCH_PATHS = /usr/local/include;
				PRODUCT_NAME = "$(TARGET_NAME)";
			};
			name = Debug;
		};
		DF788A301C1A48A4002CEF85 /* Release */ = {
			isa = XCBuildConfiguration;
			buildSettings = {
				HEADER_SEARCH_PATHS = /usr/local/include;
				PRODUCT_NAME = "$(TARGET_NAME)";
			};
			name = Release;
		};
/* End XCBuildConfiguration section */

/* Begin XCConfigurationList section */
		DF788A221C1A48A4002CEF85 /* Build configuration list for PBXProject "noise" */ = {
			isa = XCConfigurationList;
			buildConfigurations = (
				DF788A2C1C1A48A4002CEF85 /* Debug */,
				DF788A2D1C1A48A4002CEF85 /* Release */,
			);
			defaultConfigurationIsVisible = 0;
			defaultConfigurationName = Release;
		};
		DF788A2E1C1A48A4002CEF85 /* Build configuration list for PBXNativeTarget "noise" */ = {
			isa = XCConfigurationList;
			buildConfigurations = (
				DF788A2F1C1A48A4002CEF85 /* Debug */,
				DF788A301C1A48A4002CEF85 /* Release */,
			);
			defaultConfigurationIsVisible = 0;
		};
/* End XCConfigurationList section */
	};
	rootObject = DF788A1F1C1A48A4002CEF85 /* Project object */;
}
